
Microsoft Visual Studio Solution File, Format Version 12.00
# Visual Studio Version 16
VisualStudioVersion = 16.0.31321.278
MinimumVisualStudioVersion = 10.0.40219.1
Project("{FAE04EC0-301F-11D3-BF4B-00C04F79EFBC}") = "API", "API\API.csproj", "{8128D00B-8B76-41BD-B73D-D6C911A76CAA}"
EndProject
Global
	GlobalSection(SolutionConfigurationPlatforms) = preSolution
		Debug|Any CPU = Debug|Any CPU
		Release|Any CPU = Release|Any CPU
	EndGlobalSection
	GlobalSection(ProjectConfigurationPlatforms) = postSolution
		{8128D00B-8B76-41BD-B73D-D6C911A76CAA}.Debug|Any CPU.ActiveCfg = Debug|Any CPU
		{8128D00B-8B76-41BD-B73D-D6C911A76CAA}.Debug|Any CPU.Build.0 = Debug|Any CPU
		{8128D00B-8B76-41BD-B73D-D6C911A76CAA}.Release|Any CPU.ActiveCfg = Release|Any CPU
		{8128D00B-8B76-41BD-B73D-D6C911A76CAA}.Release|Any CPU.Build.0 = Release|Any CPU
	EndGlobalSection
	GlobalSection(SolutionProperties) = preSolution
		HideSolutionNode = FALSE
	EndGlobalSection
	GlobalSection(ExtensibilityGlobals) = postSolution
		SolutionGuid = {16FF884C-0B32-4006-BDDF-5A1D24597F9D}
	EndGlobalSection
EndGlobal
